// !$*UTF8*$!
{
	archiveVersion = 1;
	classes = {
	};
	objectVersion = 56;
	objects = {

/* Begin PBXBuildFile section */
		BD67E1482A83DF0B00EADBB1 /* Item.swift in Sources */ = {isa = PBXBuildFile; fileRef = BD67E1472A83DF0B00EADBB1 /* Item.swift */; };
		BDC7AD332A85BA17005973D9 /* WorldSceningTrackingModel.swift in Sources */ = {isa = PBXBuildFile; fileRef = BDC7AD322A85BA17005973D9 /* WorldSceningTrackingModel.swift */; };
		BDC7AD362A868138005973D9 /* GeometrySource.swift in Sources */ = {isa = PBXBuildFile; fileRef = BDC7AD352A868138005973D9 /* GeometrySource.swift */; };
		BDFCF0202A8282FA00D7B9FD /* RealityKitContent in Frameworks */ = {isa = PBXBuildFile; productRef = BDFCF01F2A8282FA00D7B9FD /* RealityKitContent */; };
		BDFCF0222A8282FA00D7B9FD /* WhatVisionOSCanDoApp.swift in Sources */ = {isa = PBXBuildFile; fileRef = BDFCF0212A8282FA00D7B9FD /* WhatVisionOSCanDoApp.swift */; };
		BDFCF0242A8282FA00D7B9FD /* ContentView.swift in Sources */ = {isa = PBXBuildFile; fileRef = BDFCF0232A8282FA00D7B9FD /* ContentView.swift */; };
		BDFCF0262A8282FA00D7B9FD /* WorldSceningImmersiveView.swift in Sources */ = {isa = PBXBuildFile; fileRef = BDFCF0252A8282FA00D7B9FD /* WorldSceningImmersiveView.swift */; };
		BDFCF0282A8282FC00D7B9FD /* Assets.xcassets in Resources */ = {isa = PBXBuildFile; fileRef = BDFCF0272A8282FC00D7B9FD /* Assets.xcassets */; };
		BDFCF02B2A8282FC00D7B9FD /* Preview Assets.xcassets in Resources */ = {isa = PBXBuildFile; fileRef = BDFCF02A2A8282FC00D7B9FD /* Preview Assets.xcassets */; };
		D8BE18B22A84AD7C00ABA1E3 /* ImmersiveModel.swift in Sources */ = {isa = PBXBuildFile; fileRef = D8BE18B12A84AD7C00ABA1E3 /* ImmersiveModel.swift */; };
/* End PBXBuildFile section */

/* Begin PBXFileReference section */
		BD67E1472A83DF0B00EADBB1 /* Item.swift */ = {isa = PBXFileReference; lastKnownFileType = sourcecode.swift; path = Item.swift; sourceTree = "<group>"; };
		BDC7AD322A85BA17005973D9 /* WorldSceningTrackingModel.swift */ = {isa = PBXFileReference; lastKnownFileType = sourcecode.swift; path = WorldSceningTrackingModel.swift; sourceTree = "<group>"; };
		BDC7AD352A868138005973D9 /* GeometrySource.swift */ = {isa = PBXFileReference; lastKnownFileType = sourcecode.swift; path = GeometrySource.swift; sourceTree = "<group>"; };
		BDFCF01A2A8282FA00D7B9FD /* WhatVisionOSCanDo.app */ = {isa = PBXFileReference; explicitFileType = wrapper.application; includeInIndex = 0; path = WhatVisionOSCanDo.app; sourceTree = BUILT_PRODUCTS_DIR; };
		BDFCF01E2A8282FA00D7B9FD /* RealityKitContent */ = {isa = PBXFileReference; lastKnownFileType = wrapper; path = RealityKitContent; sourceTree = "<group>"; };
		BDFCF0212A8282FA00D7B9FD /* WhatVisionOSCanDoApp.swift */ = {isa = PBXFileReference; lastKnownFileType = sourcecode.swift; path = WhatVisionOSCanDoApp.swift; sourceTree = "<group>"; };
		BDFCF0232A8282FA00D7B9FD /* ContentView.swift */ = {isa = PBXFileReference; lastKnownFileType = sourcecode.swift; path = ContentView.swift; sourceTree = "<group>"; };
		BDFCF0252A8282FA00D7B9FD /* WorldSceningImmersiveView.swift */ = {isa = PBXFileReference; lastKnownFileType = sourcecode.swift; path = WorldSceningImmersiveView.swift; sourceTree = "<group>"; };
		BDFCF0272A8282FC00D7B9FD /* Assets.xcassets */ = {isa = PBXFileReference; lastKnownFileType = folder.assetcatalog; path = Assets.xcassets; sourceTree = "<group>"; };
		BDFCF02A2A8282FC00D7B9FD /* Preview Assets.xcassets */ = {isa = PBXFileReference; lastKnownFileType = folder.assetcatalog; path = "Preview Assets.xcassets"; sourceTree = "<group>"; };
		D8BE18B02A84ACC300ABA1E3 /* Info.plist */ = {isa = PBXFileReference; lastKnownFileType = text.plist; path = Info.plist; sourceTree = "<group>"; };
		D8BE18B12A84AD7C00ABA1E3 /* ImmersiveModel.swift */ = {isa = PBXFileReference; lastKnownFileType = sourcecode.swift; path = ImmersiveModel.swift; sourceTree = "<group>"; };
/* End PBXFileReference section */

/* Begin PBXFrameworksBuildPhase section */
		BDFCF0172A8282FA00D7B9FD /* Frameworks */ = {
			isa = PBXFrameworksBuildPhase;
			buildActionMask = 2147483647;
			files = (
				BDFCF0202A8282FA00D7B9FD /* RealityKitContent in Frameworks */,
			);
			runOnlyForDeploymentPostprocessing = 0;
		};
/* End PBXFrameworksBuildPhase section */

/* Begin PBXGroup section */
		BDC7AD342A868124005973D9 /* Extension */ = {
			isa = PBXGroup;
			children = (
				BDC7AD352A868138005973D9 /* GeometrySource.swift */,
			);
			path = Extension;
			sourceTree = "<group>";
		};
		BDD15AD82A87BFD3005477F5 /* Item */ = {
			isa = PBXGroup;
			children = (
				BDD15AD92A87BFE1005477F5 /* WorldScening */,
			);
			path = Item;
			sourceTree = "<group>";
		};
		BDD15AD92A87BFE1005477F5 /* WorldScening */ = {
			isa = PBXGroup;
			children = (
				BDFCF0252A8282FA00D7B9FD /* WorldSceningImmersiveView.swift */,
				BDC7AD322A85BA17005973D9 /* WorldSceningTrackingModel.swift */,
			);
			path = WorldScening;
			sourceTree = "<group>";
		};
		BDFCF0112A8282FA00D7B9FD = {
			isa = PBXGroup;
			children = (
				BDFCF01C2A8282FA00D7B9FD /* WhatVisionOSCanDo */,
				BDFCF01D2A8282FA00D7B9FD /* Packages */,
				BDFCF01B2A8282FA00D7B9FD /* Products */,
			);
			sourceTree = "<group>";
		};
		BDFCF01B2A8282FA00D7B9FD /* Products */ = {
			isa = PBXGroup;
			children = (
				BDFCF01A2A8282FA00D7B9FD /* WhatVisionOSCanDo.app */,
			);
			name = Products;
			sourceTree = "<group>";
		};
		BDFCF01C2A8282FA00D7B9FD /* WhatVisionOSCanDo */ = {
			isa = PBXGroup;
			children = (
				BDD15AD82A87BFD3005477F5 /* Item */,
				BDC7AD342A868124005973D9 /* Extension */,
				D8BE18B02A84ACC300ABA1E3 /* Info.plist */,
				BDFCF0212A8282FA00D7B9FD /* WhatVisionOSCanDoApp.swift */,
				BDFCF0232A8282FA00D7B9FD /* ContentView.swift */,
				BD67E1472A83DF0B00EADBB1 /* Item.swift */,
				D8BE18B12A84AD7C00ABA1E3 /* ImmersiveModel.swift */,
				BDFCF0272A8282FC00D7B9FD /* Assets.xcassets */,
				BDFCF0292A8282FC00D7B9FD /* Preview Content */,
			);
			path = WhatVisionOSCanDo;
			sourceTree = "<group>";
		};
		BDFCF01D2A8282FA00D7B9FD /* Packages */ = {
			isa = PBXGroup;
			children = (
				BDFCF01E2A8282FA00D7B9FD /* RealityKitContent */,
			);
			path = Packages;
			sourceTree = "<group>";
		};
		BDFCF0292A8282FC00D7B9FD /* Preview Content */ = {
			isa = PBXGroup;
			children = (
				BDFCF02A2A8282FC00D7B9FD /* Preview Assets.xcassets */,
			);
			path = "Preview Content";
			sourceTree = "<group>";
		};
/* End PBXGroup section */

/* Begin PBXNativeTarget section */
		BDFCF0192A8282FA00D7B9FD /* WhatVisionOSCanDo */ = {
			isa = PBXNativeTarget;
			buildConfigurationList = BDFCF02E2A8282FC00D7B9FD /* Build configuration list for PBXNativeTarget "WhatVisionOSCanDo" */;
			buildPhases = (
				BDFCF0162A8282FA00D7B9FD /* Sources */,
				BDFCF0172A8282FA00D7B9FD /* Frameworks */,
				BDFCF0182A8282FA00D7B9FD /* Resources */,
			);
			buildRules = (
			);
			dependencies = (
			);
			name = WhatVisionOSCanDo;
			packageProductDependencies = (
				BDFCF01F2A8282FA00D7B9FD /* RealityKitContent */,
			);
			productName = WhatVisionOSCanDo;
			productReference = BDFCF01A2A8282FA00D7B9FD /* WhatVisionOSCanDo.app */;
			productType = "com.apple.product-type.application";
		};
/* End PBXNativeTarget section */

/* Begin PBXProject section */
		BDFCF0122A8282FA00D7B9FD /* Project object */ = {
			isa = PBXProject;
			attributes = {
				BuildIndependentTargetsInParallel = 1;
				LastSwiftUpdateCheck = 1500;
				LastUpgradeCheck = 1500;
				TargetAttributes = {
					BDFCF0192A8282FA00D7B9FD = {
						CreatedOnToolsVersion = 15.0;
					};
				};
			};
			buildConfigurationList = BDFCF0152A8282FA00D7B9FD /* Build configuration list for PBXProject "WhatVisionOSCanDo" */;
			compatibilityVersion = "Xcode 14.0";
			developmentRegion = en;
			hasScannedForEncodings = 0;
			knownRegions = (
				en,
				Base,
			);
			mainGroup = BDFCF0112A8282FA00D7B9FD;
			productRefGroup = BDFCF01B2A8282FA00D7B9FD /* Products */;
			projectDirPath = "";
			projectRoot = "";
			targets = (
				BDFCF0192A8282FA00D7B9FD /* WhatVisionOSCanDo */,
			);
		};
/* End PBXProject section */

/* Begin PBXResourcesBuildPhase section */
		BDFCF0182A8282FA00D7B9FD /* Resources */ = {
			isa = PBXResourcesBuildPhase;
			buildActionMask = 2147483647;
			files = (
				BDFCF02B2A8282FC00D7B9FD /* Preview Assets.xcassets in Resources */,
				BDFCF0282A8282FC00D7B9FD /* Assets.xcassets in Resources */,
			);
			runOnlyForDeploymentPostprocessing = 0;
		};
/* End PBXResourcesBuildPhase section */

/* Begin PBXSourcesBuildPhase section */
		BDFCF0162A8282FA00D7B9FD /* Sources */ = {
			isa = PBXSourcesBuildPhase;
			buildActionMask = 2147483647;
			files = (
				BD67E1482A83DF0B00EADBB1 /* Item.swift in Sources */,
				BDC7AD362A868138005973D9 /* GeometrySource.swift in Sources */,
				BDFCF0242A8282FA00D7B9FD /* ContentView.swift in Sources */,
				BDFCF0222A8282FA00D7B9FD /* WhatVisionOSCanDoApp.swift in Sources */,
				D8BE18B22A84AD7C00ABA1E3 /* ImmersiveModel.swift in Sources */,
				BDC7AD332A85BA17005973D9 /* WorldSceningTrackingModel.swift in Sources */,
				BDFCF0262A8282FA00D7B9FD /* WorldSceningImmersiveView.swift in Sources */,
			);
			runOnlyForDeploymentPostprocessing = 0;
		};
/* End PBXSourcesBuildPhase section */

/* Begin XCBuildConfiguration section */
		BDFCF02C2A8282FC00D7B9FD /* Debug */ = {
			isa = XCBuildConfiguration;
			buildSettings = {
				ALWAYS_SEARCH_USER_PATHS = NO;
				ASSETCATALOG_COMPILER_GENERATE_SWIFT_ASSET_SYMBOL_EXTENSIONS = YES;
				CLANG_ANALYZER_NONNULL = YES;
				CLANG_ANALYZER_NUMBER_OBJECT_CONVERSION = YES_AGGRESSIVE;
				CLANG_CXX_LANGUAGE_STANDARD = "gnu++20";
				CLANG_ENABLE_MODULES = YES;
				CLANG_ENABLE_OBJC_ARC = YES;
				CLANG_ENABLE_OBJC_WEAK = YES;
				CLANG_WARN_BLOCK_CAPTURE_AUTORELEASING = YES;
				CLANG_WARN_BOOL_CONVERSION = YES;
				CLANG_WARN_COMMA = YES;
				CLANG_WARN_CONSTANT_CONVERSION = YES;
				CLANG_WARN_DEPRECATED_OBJC_IMPLEMENTATIONS = YES;
				CLANG_WARN_DIRECT_OBJC_ISA_USAGE = YES_ERROR;
				CLANG_WARN_DOCUMENTATION_COMMENTS = YES;
				CLANG_WARN_EMPTY_BODY = YES;
				CLANG_WARN_ENUM_CONVERSION = YES;
				CLANG_WARN_INFINITE_RECURSION = YES;
				CLANG_WARN_INT_CONVERSION = YES;
				CLANG_WARN_NON_LITERAL_NULL_CONVERSION = YES;
				CLANG_WARN_OBJC_IMPLICIT_RETAIN_SELF = YES;
				CLANG_WARN_OBJC_LITERAL_CONVERSION = YES;
				CLANG_WARN_OBJC_ROOT_CLASS = YES_ERROR;
				CLANG_WARN_QUOTED_INCLUDE_IN_FRAMEWORK_HEADER = YES;
				CLANG_WARN_RANGE_LOOP_ANALYSIS = YES;
				CLANG_WARN_STRICT_PROTOTYPES = YES;
				CLANG_WARN_SUSPICIOUS_MOVE = YES;
				CLANG_WARN_UNGUARDED_AVAILABILITY = YES_AGGRESSIVE;
				CLANG_WARN_UNREACHABLE_CODE = YES;
				CLANG_WARN__DUPLICATE_METHOD_MATCH = YES;
				COPY_PHASE_STRIP = NO;
				DEBUG_INFORMATION_FORMAT = dwarf;
				ENABLE_STRICT_OBJC_MSGSEND = YES;
				ENABLE_TESTABILITY = YES;
				ENABLE_USER_SCRIPT_SANDBOXING = YES;
				GCC_C_LANGUAGE_STANDARD = gnu17;
				GCC_DYNAMIC_NO_PIC = NO;
				GCC_NO_COMMON_BLOCKS = YES;
				GCC_OPTIMIZATION_LEVEL = 0;
				GCC_PREPROCESSOR_DEFINITIONS = (
					"DEBUG=1",
					"$(inherited)",
				);
				GCC_WARN_64_TO_32_BIT_CONVERSION = YES;
				GCC_WARN_ABOUT_RETURN_TYPE = YES_ERROR;
				GCC_WARN_UNDECLARED_SELECTOR = YES;
				GCC_WARN_UNINITIALIZED_AUTOS = YES_AGGRESSIVE;
				GCC_WARN_UNUSED_FUNCTION = YES;
				GCC_WARN_UNUSED_VARIABLE = YES;
				LOCALIZATION_PREFERS_STRING_CATALOGS = YES;
				MTL_ENABLE_DEBUG_INFO = INCLUDE_SOURCE;
				MTL_FAST_MATH = YES;
				ONLY_ACTIVE_ARCH = YES;
				SDKROOT = xros;
				SWIFT_ACTIVE_COMPILATION_CONDITIONS = "DEBUG $(inherited)";
				SWIFT_OPTIMIZATION_LEVEL = "-Onone";
				XROS_DEPLOYMENT_TARGET = 1.0;
			};
			name = Debug;
		};
		BDFCF02D2A8282FC00D7B9FD /* Release */ = {
			isa = XCBuildConfiguration;
			buildSettings = {
				ALWAYS_SEARCH_USER_PATHS = NO;
				ASSETCATALOG_COMPILER_GENERATE_SWIFT_ASSET_SYMBOL_EXTENSIONS = YES;
				CLANG_ANALYZER_NONNULL = YES;
				CLANG_ANALYZER_NUMBER_OBJECT_CONVERSION = YES_AGGRESSIVE;
				CLANG_CXX_LANGUAGE_STANDARD = "gnu++20";
				CLANG_ENABLE_MODULES = YES;
				CLANG_ENABLE_OBJC_ARC = YES;
				CLANG_ENABLE_OBJC_WEAK = YES;
				CLANG_WARN_BLOCK_CAPTURE_AUTORELEASING = YES;
				CLANG_WARN_BOOL_CONVERSION = YES;
				CLANG_WARN_COMMA = YES;
				CLANG_WARN_CONSTANT_CONVERSION = YES;
				CLANG_WARN_DEPRECATED_OBJC_IMPLEMENTATIONS = YES;
				CLANG_WARN_DIRECT_OBJC_ISA_USAGE = YES_ERROR;
				CLANG_WARN_DOCUMENTATION_COMMENTS = YES;
				CLANG_WARN_EMPTY_BODY = YES;
				CLANG_WARN_ENUM_CONVERSION = YES;
				CLANG_WARN_INFINITE_RECURSION = YES;
				CLANG_WARN_INT_CONVERSION = YES;
				CLANG_WARN_NON_LITERAL_NULL_CONVERSION = YES;
				CLANG_WARN_OBJC_IMPLICIT_RETAIN_SELF = YES;
				CLANG_WARN_OBJC_LITERAL_CONVERSION = YES;
				CLANG_WARN_OBJC_ROOT_CLASS = YES_ERROR;
				CLANG_WARN_QUOTED_INCLUDE_IN_FRAMEWORK_HEADER = YES;
				CLANG_WARN_RANGE_LOOP_ANALYSIS = YES;
				CLANG_WARN_STRICT_PROTOTYPES = YES;
				CLANG_WARN_SUSPICIOUS_MOVE = YES;
				CLANG_WARN_UNGUARDED_AVAILABILITY = YES_AGGRESSIVE;
				CLANG_WARN_UNREACHABLE_CODE = YES;
				CLANG_WARN__DUPLICATE_METHOD_MATCH = YES;
				COPY_PHASE_STRIP = NO;
				DEBUG_INFORMATION_FORMAT = "dwarf-with-dsym";
				ENABLE_NS_ASSERTIONS = NO;
				ENABLE_STRICT_OBJC_MSGSEND = YES;
				ENABLE_USER_SCRIPT_SANDBOXING = YES;
				GCC_C_LANGUAGE_STANDARD = gnu17;
				GCC_NO_COMMON_BLOCKS = YES;
				GCC_WARN_64_TO_32_BIT_CONVERSION = YES;
				GCC_WARN_ABOUT_RETURN_TYPE = YES_ERROR;
				GCC_WARN_UNDECLARED_SELECTOR = YES;
				GCC_WARN_UNINITIALIZED_AUTOS = YES_AGGRESSIVE;
				GCC_WARN_UNUSED_FUNCTION = YES;
				GCC_WARN_UNUSED_VARIABLE = YES;
				LOCALIZATION_PREFERS_STRING_CATALOGS = YES;
				MTL_ENABLE_DEBUG_INFO = NO;
				MTL_FAST_MATH = YES;
				SDKROOT = xros;
				SWIFT_COMPILATION_MODE = wholemodule;
				VALIDATE_PRODUCT = YES;
				XROS_DEPLOYMENT_TARGET = 1.0;
			};
			name = Release;
		};
		BDFCF02F2A8282FC00D7B9FD /* Debug */ = {
			isa = XCBuildConfiguration;
			buildSettings = {
				ASSETCATALOG_COMPILER_APPICON_NAME = AppIcon;
				ASSETCATALOG_COMPILER_GLOBAL_ACCENT_COLOR_NAME = AccentColor;
				CODE_SIGN_STYLE = Automatic;
				CURRENT_PROJECT_VERSION = 1;
				DEVELOPMENT_ASSET_PATHS = "\"WhatVisionOSCanDo/Preview Content\"";
				ENABLE_PREVIEWS = YES;
				GENERATE_INFOPLIST_FILE = YES;
				INFOPLIST_FILE = WhatVisionOSCanDo/Info.plist;
				INFOPLIST_KEY_UIApplicationSceneManifest_Generation = YES;
				LD_RUNPATH_SEARCH_PATHS = (
					"$(inherited)",
					"@executable_path/Frameworks",
				);
				MARKETING_VERSION = 1.0;
				PRODUCT_BUNDLE_IDENTIFIER = zone.xreality.WhatVisionOSCanDo;
				PRODUCT_NAME = "$(TARGET_NAME)";
				SUPPORTED_PLATFORMS = "xros xrsimulator";
				SWIFT_EMIT_LOC_STRINGS = YES;
				SWIFT_VERSION = 5.0;
				TARGETED_DEVICE_FAMILY = "1,2,7";
			};
			name = Debug;
		};
		BDFCF0302A8282FC00D7B9FD /* Release */ = {
			isa = XCBuildConfiguration;
			buildSettings = {
				ASSETCATALOG_COMPILER_APPICON_NAME = AppIcon;
				ASSETCATALOG_COMPILER_GLOBAL_ACCENT_COLOR_NAME = AccentColor;
				CODE_SIGN_STYLE = Automatic;
				CURRENT_PROJECT_VERSION = 1;
				DEVELOPMENT_ASSET_PATHS = "\"WhatVisionOSCanDo/Preview Content\"";
				ENABLE_PREVIEWS = YES;
				GENERATE_INFOPLIST_FILE = YES;
				INFOPLIST_FILE = WhatVisionOSCanDo/Info.plist;
				INFOPLIST_KEY_UIApplicationSceneManifest_Generation = YES;
				LD_RUNPATH_SEARCH_PATHS = (
					"$(inherited)",
					"@executable_path/Frameworks",
				);
				MARKETING_VERSION = 1.0;
				PRODUCT_BUNDLE_IDENTIFIER = zone.xreality.WhatVisionOSCanDo;
				PRODUCT_NAME = "$(TARGET_NAME)";
				SUPPORTED_PLATFORMS = "xros xrsimulator";
				SWIFT_EMIT_LOC_STRINGS = YES;
				SWIFT_VERSION = 5.0;
				TARGETED_DEVICE_FAMILY = "1,2,7";
			};
			name = Release;
		};
/* End XCBuildConfiguration section */

/* Begin XCConfigurationList section */
		BDFCF0152A8282FA00D7B9FD /* Build configuration list for PBXProject "WhatVisionOSCanDo" */ = {
			isa = XCConfigurationList;
			buildConfigurations = (
				BDFCF02C2A8282FC00D7B9FD /* Debug */,
				BDFCF02D2A8282FC00D7B9FD /* Release */,
			);
			defaultConfigurationIsVisible = 0;
			defaultConfigurationName = Release;
		};
		BDFCF02E2A8282FC00D7B9FD /* Build configuration list for PBXNativeTarget "WhatVisionOSCanDo" */ = {
			isa = XCConfigurationList;
			buildConfigurations = (
				BDFCF02F2A8282FC00D7B9FD /* Debug */,
				BDFCF0302A8282FC00D7B9FD /* Release */,
			);
			defaultConfigurationIsVisible = 0;
			defaultConfigurationName = Release;
		};
/* End XCConfigurationList section */

/* Begin XCSwiftPackageProductDependency section */
		BDFCF01F2A8282FA00D7B9FD /* RealityKitContent */ = {
			isa = XCSwiftPackageProductDependency;
			productName = RealityKitContent;
		};
/* End XCSwiftPackageProductDependency section */
	};
	rootObject = BDFCF0122A8282FA00D7B9FD /* Project object */;
}
