{
  "pins" : [
    {
      "identity" : "realitybounds",
      "kind" : "remoteSourceControl",
      "location" : "https://github.com/IvanMathy/RealityBounds",
      "state" : {
        "branch" : "main",
        "revision" : "5e51095b419c50a355f1bb75804978d0f10c4c0c"
      }
    }
  ],
  "version" : 2
}
